
Microsoft Visual Studio Solution File, Format Version 12.00
# Visual Studio 14
VisualStudioVersion = 14.0.25420.1
MinimumVisualStudioVersion = 10.0.40219.1
Project("{FAE04EC0-301F-11D3-BF4B-00C04F79EFBC}") = "Learning.Data", "Learning.Data\Learning.Data.csproj", "{5D090749-F7EE-4E09-8650-4F119A8E1713}"
EndProject
Project("{FAE04EC0-301F-11D3-BF4B-00C04F79EFBC}") = "Learning.Web", "Learning.Web\Learning.Web.csproj", "{997B3ECA-9E61-4DE9-BE8F-8AA19D1522CD}"
EndProject
Global
	GlobalSection(SolutionConfigurationPlatforms) = preSolution
		Debug|Any CPU = Debug|Any CPU
		Release|Any CPU = Release|Any CPU
	EndGlobalSection
	GlobalSection(ProjectConfigurationPlatforms) = postSolution
		{5D090749-F7EE-4E09-8650-4F119A8E1713}.Debug|Any CPU.ActiveCfg = Debug|Any CPU
		{5D090749-F7EE-4E09-8650-4F119A8E1713}.Debug|Any CPU.Build.0 = Debug|Any CPU
		{5D090749-F7EE-4E09-8650-4F119A8E1713}.Release|Any CPU.ActiveCfg = Release|Any CPU
		{5D090749-F7EE-4E09-8650-4F119A8E1713}.Release|Any CPU.Build.0 = Release|Any CPU
		{997B3ECA-9E61-4DE9-BE8F-8AA19D1522CD}.Debug|Any CPU.ActiveCfg = Debug|Any CPU
		{997B3ECA-9E61-4DE9-BE8F-8AA19D1522CD}.Debug|Any CPU.Build.0 = Debug|Any CPU
		{997B3ECA-9E61-4DE9-BE8F-8AA19D1522CD}.Release|Any CPU.ActiveCfg = Release|Any CPU
		{997B3ECA-9E61-4DE9-BE8F-8AA19D1522CD}.Release|Any CPU.Build.0 = Release|Any CPU
	EndGlobalSection
	GlobalSection(SolutionProperties) = preSolution
		HideSolutionNode = FALSE
	EndGlobalSection
EndGlobal
